// !$*UTF8*$!
{
	archiveVersion = 1;
	classes = {
	};
	objectVersion = 46;
	objects = {

/* Begin PBXBuildFile section */
		6FEBE18617738D160091BE0F /* UIKit.framework in Frameworks */ = {isa = PBXBuildFile; fileRef = 6FEBE18517738D160091BE0F /* UIKit.framework */; };
		6FEBE18817738D160091BE0F /* Foundation.framework in Frameworks */ = {isa = PBXBuildFile; fileRef = 6FEBE18717738D160091BE0F /* Foundation.framework */; };
		6FEBE18A17738D160091BE0F /* CoreGraphics.framework in Frameworks */ = {isa = PBXBuildFile; fileRef = 6FEBE18917738D160091BE0F /* CoreGraphics.framework */; };
		6FEBE19017738D160091BE0F /* InfoPlist.strings in Resources */ = {isa = PBXBuildFile; fileRef = 6FEBE18E17738D160091BE0F /* InfoPlist.strings */; };
		6FEBE19217738D160091BE0F /* main.m in Sources */ = {isa = PBXBuildFile; fileRef = 6FEBE19117738D160091BE0F /* main.m */; };
		6FEBE19617738D160091BE0F /* QCAppDelegate.m in Sources */ = {isa = PBXBuildFile; fileRef = 6FEBE19517738D160091BE0F /* QCAppDelegate.m */; };
		6FEBE19817738D160091BE0F /* Default.png in Resources */ = {isa = PBXBuildFile; fileRef = 6FEBE19717738D160091BE0F /* Default.png */; };
		6FEBE19A17738D160091BE0F /* Default@2x.png in Resources */ = {isa = PBXBuildFile; fileRef = 6FEBE19917738D160091BE0F /* Default@2x.png */; };
		6FEBE19C17738D160091BE0F /* Default-568h@2x.png in Resources */ = {isa = PBXBuildFile; fileRef = 6FEBE19B17738D160091BE0F /* Default-568h@2x.png */; };
		6FEBE19F17738D160091BE0F /* QCFirstViewController.m in Sources */ = {isa = PBXBuildFile; fileRef = 6FEBE19E17738D160091BE0F /* QCFirstViewController.m */; };
		6FEBE1A117738D160091BE0F /* first.png in Resources */ = {isa = PBXBuildFile; fileRef = 6FEBE1A017738D160091BE0F /* first.png */; };
		6FEBE1A317738D160091BE0F /* first@2x.png in Resources */ = {isa = PBXBuildFile; fileRef = 6FEBE1A217738D160091BE0F /* first@2x.png */; };
		6FEBE1A617738D160091BE0F /* QCSecondViewController.m in Sources */ = {isa = PBXBuildFile; fileRef = 6FEBE1A517738D160091BE0F /* QCSecondViewController.m */; };
		6FEBE1A817738D160091BE0F /* second.png in Resources */ = {isa = PBXBuildFile; fileRef = 6FEBE1A717738D160091BE0F /* second.png */; };
		6FEBE1AA17738D160091BE0F /* second@2x.png in Resources */ = {isa = PBXBuildFile; fileRef = 6FEBE1A917738D160091BE0F /* second@2x.png */; };
		6FEBE1AD17738D160091BE0F /* QCFirstViewController.xib in Resources */ = {isa = PBXBuildFile; fileRef = 6FEBE1AB17738D160091BE0F /* QCFirstViewController.xib */; };
		6FEBE1B017738D160091BE0F /* QCSecondViewController.xib in Resources */ = {isa = PBXBuildFile; fileRef = 6FEBE1AE17738D160091BE0F /* QCSecondViewController.xib */; };
		6FEBE1B7177390EB0091BE0F /* FacebookSDK.framework in Frameworks */ = {isa = PBXBuildFile; fileRef = 6FEBE1B6177390EB0091BE0F /* FacebookSDK.framework */; };
		6FEBE1BA1773916D0091BE0F /* FacebookSDKResources.bundle in Resources */ = {isa = PBXBuildFile; fileRef = 6FEBE1B81773916D0091BE0F /* FacebookSDKResources.bundle */; };
		6FEBE1BB1773916D0091BE0F /* FBUserSettingsViewResources.bundle in Resources */ = {isa = PBXBuildFile; fileRef = 6FEBE1B91773916D0091BE0F /* FBUserSettingsViewResources.bundle */; };
		6FEBE1BD177391E30091BE0F /* AdSupport.framework in Frameworks */ = {isa = PBXBuildFile; fileRef = 6FEBE1BC177391E30091BE0F /* AdSupport.framework */; };
		6FEBE1BF177392110091BE0F /* Accounts.framework in Frameworks */ = {isa = PBXBuildFile; fileRef = 6FEBE1BE177392110091BE0F /* Accounts.framework */; };
		6FEBE1C1177392410091BE0F /* libsqlite3.dylib in Frameworks */ = {isa = PBXBuildFile; fileRef = 6FEBE1C0177392410091BE0F /* libsqlite3.dylib */; };
		6FEBE1C3177392550091BE0F /* Security.framework in Frameworks */ = {isa = PBXBuildFile; fileRef = 6FEBE1C2177392550091BE0F /* Security.framework */; };
		6FEBE1C51773927E0091BE0F /* Social.framework in Frameworks */ = {isa = PBXBuildFile; fileRef = 6FEBE1C41773927E0091BE0F /* Social.framework */; };
		6FEBE1C7177397BC0091BE0F /* Parse.framework in Frameworks */ = {isa = PBXBuildFile; fileRef = 6FEBE1C6177397BC0091BE0F /* Parse.framework */; };
		6FEBE1C9177398160091BE0F /* AudioToolbox.framework in Frameworks */ = {isa = PBXBuildFile; fileRef = 6FEBE1C8177398160091BE0F /* AudioToolbox.framework */; };
		6FEBE1CB177398740091BE0F /* CFNetwork.framework in Frameworks */ = {isa = PBXBuildFile; fileRef = 6FEBE1CA177398730091BE0F /* CFNetwork.framework */; };
		6FEBE1CD177398A00091BE0F /* CoreLocation.framework in Frameworks */ = {isa = PBXBuildFile; fileRef = 6FEBE1CC177398A00091BE0F /* CoreLocation.framework */; };
		6FEBE1CF177398B70091BE0F /* libz.1.1.3.dylib in Frameworks */ = {isa = PBXBuildFile; fileRef = 6FEBE1CE177398B70091BE0F /* libz.1.1.3.dylib */; };
		6FEBE1D1177398E30091BE0F /* MobileCoreServices.framework in Frameworks */ = {isa = PBXBuildFile; fileRef = 6FEBE1D0177398E20091BE0F /* MobileCoreServices.framework */; };
		6FEBE1D3177399110091BE0F /* QuartzCore.framework in Frameworks */ = {isa = PBXBuildFile; fileRef = 6FEBE1D2177399110091BE0F /* QuartzCore.framework */; };
		6FEBE1D717739ACE0091BE0F /* StoreKit.framework in Frameworks */ = {isa = PBXBuildFile; fileRef = 6FEBE1D617739ACE0091BE0F /* StoreKit.framework */; };
		6FEBE1D917739AD80091BE0F /* SystemConfiguration.framework in Frameworks */ = {isa = PBXBuildFile; fileRef = 6FEBE1D817739AD80091BE0F /* SystemConfiguration.framework */; };
		6FEBE1DD17739F210091BE0F /* QCLoginViewController.m in Sources */ = {isa = PBXBuildFile; fileRef = 6FEBE1DB17739F210091BE0F /* QCLoginViewController.m */; };
		6FEBE1DE17739F210091BE0F /* QCLoginViewController.xib in Resources */ = {isa = PBXBuildFile; fileRef = 6FEBE1DC17739F210091BE0F /* QCLoginViewController.xib */; };
		6FEBE1E31773A4230091BE0F /* menu_up@2x.png in Resources */ = {isa = PBXBuildFile; fileRef = 6FEBE1DF1773A4230091BE0F /* menu_up@2x.png */; };
		6FEBE1E41773A4230091BE0F /* menu_up.png in Resources */ = {isa = PBXBuildFile; fileRef = 6FEBE1E01773A4230091BE0F /* menu_up.png */; };
		6FEBE1E51773A4230091BE0F /* menu_down@2x.png in Resources */ = {isa = PBXBuildFile; fileRef = 6FEBE1E11773A4230091BE0F /* menu_down@2x.png */; };
		6FEBE1E61773A4230091BE0F /* menu_down.png in Resources */ = {isa = PBXBuildFile; fileRef = 6FEBE1E21773A4230091BE0F /* menu_down.png */; };
		6FEBE1EB1773A4C30091BE0F /* login-button-small-pressed.png in Resources */ = {isa = PBXBuildFile; fileRef = 6FEBE1E71773A4C30091BE0F /* login-button-small-pressed.png */; };
		6FEBE1EC1773A4C30091BE0F /* login-button-small-pressed@2x.png in Resources */ = {isa = PBXBuildFile; fileRef = 6FEBE1E81773A4C30091BE0F /* login-button-small-pressed@2x.png */; };
		6FEBE1ED1773A4C30091BE0F /* login-button-small.png in Resources */ = {isa = PBXBuildFile; fileRef = 6FEBE1E91773A4C30091BE0F /* login-button-small.png */; };
		6FEBE1EE1773A4C30091BE0F /* login-button-small@2x.png in Resources */ = {isa = PBXBuildFile; fileRef = 6FEBE1EA1773A4C30091BE0F /* login-button-small@2x.png */; };
/* End PBXBuildFile section */

/* Begin PBXFileReference section */
		6FEBE18217738D160091BE0F /* HotOrNot2.app */ = {isa = PBXFileReference; explicitFileType = wrapper.application; includeInIndex = 0; path = HotOrNot2.app; sourceTree = BUILT_PRODUCTS_DIR; };
		6FEBE18517738D160091BE0F /* UIKit.framework */ = {isa = PBXFileReference; lastKnownFileType = wrapper.framework; name = UIKit.framework; path = System/Library/Frameworks/UIKit.framework; sourceTree = SDKROOT; };
		6FEBE18717738D160091BE0F /* Foundation.framework */ = {isa = PBXFileReference; lastKnownFileType = wrapper.framework; name = Foundation.framework; path = System/Library/Frameworks/Foundation.framework; sourceTree = SDKROOT; };
		6FEBE18917738D160091BE0F /* CoreGraphics.framework */ = {isa = PBXFileReference; lastKnownFileType = wrapper.framework; name = CoreGraphics.framework; path = System/Library/Frameworks/CoreGraphics.framework; sourceTree = SDKROOT; };
		6FEBE18D17738D160091BE0F /* HotOrNot2-Info.plist */ = {isa = PBXFileReference; lastKnownFileType = text.plist.xml; path = "HotOrNot2-Info.plist"; sourceTree = "<group>"; };
		6FEBE18F17738D160091BE0F /* en */ = {isa = PBXFileReference; lastKnownFileType = text.plist.strings; name = en; path = en.lproj/InfoPlist.strings; sourceTree = "<group>"; };
		6FEBE19117738D160091BE0F /* main.m */ = {isa = PBXFileReference; lastKnownFileType = sourcecode.c.objc; path = main.m; sourceTree = "<group>"; };
		6FEBE19317738D160091BE0F /* HotOrNot2-Prefix.pch */ = {isa = PBXFileReference; lastKnownFileType = sourcecode.c.h; path = "HotOrNot2-Prefix.pch"; sourceTree = "<group>"; };
		6FEBE19417738D160091BE0F /* QCAppDelegate.h */ = {isa = PBXFileReference; lastKnownFileType = sourcecode.c.h; path = QCAppDelegate.h; sourceTree = "<group>"; };
		6FEBE19517738D160091BE0F /* QCAppDelegate.m */ = {isa = PBXFileReference; lastKnownFileType = sourcecode.c.objc; path = QCAppDelegate.m; sourceTree = "<group>"; };
		6FEBE19717738D160091BE0F /* Default.png */ = {isa = PBXFileReference; lastKnownFileType = image.png; path = Default.png; sourceTree = "<group>"; };
		6FEBE19917738D160091BE0F /* Default@2x.png */ = {isa = PBXFileReference; lastKnownFileType = image.png; path = "Default@2x.png"; sourceTree = "<group>"; };
		6FEBE19B17738D160091BE0F /* Default-568h@2x.png */ = {isa = PBXFileReference; lastKnownFileType = image.png; path = "Default-568h@2x.png"; sourceTree = "<group>"; };
		6FEBE19D17738D160091BE0F /* QCFirstViewController.h */ = {isa = PBXFileReference; lastKnownFileType = sourcecode.c.h; path = QCFirstViewController.h; sourceTree = "<group>"; };
		6FEBE19E17738D160091BE0F /* QCFirstViewController.m */ = {isa = PBXFileReference; lastKnownFileType = sourcecode.c.objc; path = QCFirstViewController.m; sourceTree = "<group>"; };
		6FEBE1A017738D160091BE0F /* first.png */ = {isa = PBXFileReference; lastKnownFileType = image.png; path = first.png; sourceTree = "<group>"; };
		6FEBE1A217738D160091BE0F /* first@2x.png */ = {isa = PBXFileReference; lastKnownFileType = image.png; path = "first@2x.png"; sourceTree = "<group>"; };
		6FEBE1A417738D160091BE0F /* QCSecondViewController.h */ = {isa = PBXFileReference; lastKnownFileType = sourcecode.c.h; path = QCSecondViewController.h; sourceTree = "<group>"; };
		6FEBE1A517738D160091BE0F /* QCSecondViewController.m */ = {isa = PBXFileReference; lastKnownFileType = sourcecode.c.objc; path = QCSecondViewController.m; sourceTree = "<group>"; };
		6FEBE1A717738D160091BE0F /* second.png */ = {isa = PBXFileReference; lastKnownFileType = image.png; path = second.png; sourceTree = "<group>"; };
		6FEBE1A917738D160091BE0F /* second@2x.png */ = {isa = PBXFileReference; lastKnownFileType = image.png; path = "second@2x.png"; sourceTree = "<group>"; };
		6FEBE1AC17738D160091BE0F /* en */ = {isa = PBXFileReference; lastKnownFileType = file.xib; name = en; path = en.lproj/QCFirstViewController.xib; sourceTree = "<group>"; };
		6FEBE1AF17738D160091BE0F /* en */ = {isa = PBXFileReference; lastKnownFileType = file.xib; name = en; path = en.lproj/QCSecondViewController.xib; sourceTree = "<group>"; };
		6FEBE1B6177390EB0091BE0F /* FacebookSDK.framework */ = {isa = PBXFileReference; lastKnownFileType = wrapper.framework; path = FacebookSDK.framework; sourceTree = "<group>"; };
		6FEBE1B81773916D0091BE0F /* FacebookSDKResources.bundle */ = {isa = PBXFileReference; lastKnownFileType = "wrapper.plug-in"; path = FacebookSDKResources.bundle; sourceTree = "<group>"; };
		6FEBE1B91773916D0091BE0F /* FBUserSettingsViewResources.bundle */ = {isa = PBXFileReference; lastKnownFileType = "wrapper.plug-in"; path = FBUserSettingsViewResources.bundle; sourceTree = "<group>"; };
		6FEBE1BC177391E30091BE0F /* AdSupport.framework */ = {isa = PBXFileReference; lastKnownFileType = wrapper.framework; name = AdSupport.framework; path = System/Library/Frameworks/AdSupport.framework; sourceTree = SDKROOT; };
		6FEBE1BE177392110091BE0F /* Accounts.framework */ = {isa = PBXFileReference; lastKnownFileType = wrapper.framework; name = Accounts.framework; path = System/Library/Frameworks/Accounts.framework; sourceTree = SDKROOT; };
		6FEBE1C0177392410091BE0F /* libsqlite3.dylib */ = {isa = PBXFileReference; lastKnownFileType = "compiled.mach-o.dylib"; name = libsqlite3.dylib; path = usr/lib/libsqlite3.dylib; sourceTree = SDKROOT; };
		6FEBE1C2177392550091BE0F /* Security.framework */ = {isa = PBXFileReference; lastKnownFileType = wrapper.framework; name = Security.framework; path = System/Library/Frameworks/Security.framework; sourceTree = SDKROOT; };
		6FEBE1C41773927E0091BE0F /* Social.framework */ = {isa = PBXFileReference; lastKnownFileType = wrapper.framework; name = Social.framework; path = System/Library/Frameworks/Social.framework; sourceTree = SDKROOT; };
		6FEBE1C6177397BC0091BE0F /* Parse.framework */ = {isa = PBXFileReference; lastKnownFileType = wrapper.framework; path = Parse.framework; sourceTree = "<group>"; };
		6FEBE1C8177398160091BE0F /* AudioToolbox.framework */ = {isa = PBXFileReference; lastKnownFileType = wrapper.framework; name = AudioToolbox.framework; path = System/Library/Frameworks/AudioToolbox.framework; sourceTree = SDKROOT; };
		6FEBE1CA177398730091BE0F /* CFNetwork.framework */ = {isa = PBXFileReference; lastKnownFileType = wrapper.framework; name = CFNetwork.framework; path = System/Library/Frameworks/CFNetwork.framework; sourceTree = SDKROOT; };
		6FEBE1CC177398A00091BE0F /* CoreLocation.framework */ = {isa = PBXFileReference; lastKnownFileType = wrapper.framework; name = CoreLocation.framework; path = System/Library/Frameworks/CoreLocation.framework; sourceTree = SDKROOT; };
		6FEBE1CE177398B70091BE0F /* libz.1.1.3.dylib */ = {isa = PBXFileReference; lastKnownFileType = "compiled.mach-o.dylib"; name = libz.1.1.3.dylib; path = usr/lib/libz.1.1.3.dylib; sourceTree = SDKROOT; };
		6FEBE1D0177398E20091BE0F /* MobileCoreServices.framework */ = {isa = PBXFileReference; lastKnownFileType = wrapper.framework; name = MobileCoreServices.framework; path = System/Library/Frameworks/MobileCoreServices.framework; sourceTree = SDKROOT; };
		6FEBE1D2177399110091BE0F /* QuartzCore.framework */ = {isa = PBXFileReference; lastKnownFileType = wrapper.framework; name = QuartzCore.framework; path = System/Library/Frameworks/QuartzCore.framework; sourceTree = SDKROOT; };
		6FEBE1D617739ACE0091BE0F /* StoreKit.framework */ = {isa = PBXFileReference; lastKnownFileType = wrapper.framework; name = StoreKit.framework; path = System/Library/Frameworks/StoreKit.framework; sourceTree = SDKROOT; };
		6FEBE1D817739AD80091BE0F /* SystemConfiguration.framework */ = {isa = PBXFileReference; lastKnownFileType = wrapper.framework; name = SystemConfiguration.framework; path = System/Library/Frameworks/SystemConfiguration.framework; sourceTree = SDKROOT; };
		6FEBE1DA17739F210091BE0F /* QCLoginViewController.h */ = {isa = PBXFileReference; fileEncoding = 4; lastKnownFileType = sourcecode.c.h; path = QCLoginViewController.h; sourceTree = "<group>"; };
		6FEBE1DB17739F210091BE0F /* QCLoginViewController.m */ = {isa = PBXFileReference; fileEncoding = 4; lastKnownFileType = sourcecode.c.objc; path = QCLoginViewController.m; sourceTree = "<group>"; };
		6FEBE1DC17739F210091BE0F /* QCLoginViewController.xib */ = {isa = PBXFileReference; fileEncoding = 4; lastKnownFileType = file.xib; path = QCLoginViewController.xib; sourceTree = "<group>"; };
		6FEBE1DF1773A4230091BE0F /* menu_up@2x.png */ = {isa = PBXFileReference; lastKnownFileType = image.png; path = "menu_up@2x.png"; sourceTree = "<group>"; };
		6FEBE1E01773A4230091BE0F /* menu_up.png */ = {isa = PBXFileReference; lastKnownFileType = image.png; path = menu_up.png; sourceTree = "<group>"; };
		6FEBE1E11773A4230091BE0F /* menu_down@2x.png */ = {isa = PBXFileReference; lastKnownFileType = image.png; path = "menu_down@2x.png"; sourceTree = "<group>"; };
		6FEBE1E21773A4230091BE0F /* menu_down.png */ = {isa = PBXFileReference; lastKnownFileType = image.png; path = menu_down.png; sourceTree = "<group>"; };
		6FEBE1E71773A4C30091BE0F /* login-button-small-pressed.png */ = {isa = PBXFileReference; lastKnownFileType = image.png; path = "login-button-small-pressed.png"; sourceTree = "<group>"; };
		6FEBE1E81773A4C30091BE0F /* login-button-small-pressed@2x.png */ = {isa = PBXFileReference; lastKnownFileType = image.png; path = "login-button-small-pressed@2x.png"; sourceTree = "<group>"; };
		6FEBE1E91773A4C30091BE0F /* login-button-small.png */ = {isa = PBXFileReference; lastKnownFileType = image.png; path = "login-button-small.png"; sourceTree = "<group>"; };
		6FEBE1EA1773A4C30091BE0F /* login-button-small@2x.png */ = {isa = PBXFileReference; lastKnownFileType = image.png; path = "login-button-small@2x.png"; sourceTree = "<group>"; };
/* End PBXFileReference section */

/* Begin PBXFrameworksBuildPhase section */
		6FEBE17F17738D160091BE0F /* Frameworks */ = {
			isa = PBXFrameworksBuildPhase;
			buildActionMask = 2147483647;
			files = (
				6FEBE1D917739AD80091BE0F /* SystemConfiguration.framework in Frameworks */,
				6FEBE1D717739ACE0091BE0F /* StoreKit.framework in Frameworks */,
				6FEBE1D3177399110091BE0F /* QuartzCore.framework in Frameworks */,
				6FEBE1D1177398E30091BE0F /* MobileCoreServices.framework in Frameworks */,
				6FEBE1CF177398B70091BE0F /* libz.1.1.3.dylib in Frameworks */,
				6FEBE1CD177398A00091BE0F /* CoreLocation.framework in Frameworks */,
				6FEBE1CB177398740091BE0F /* CFNetwork.framework in Frameworks */,
				6FEBE1C9177398160091BE0F /* AudioToolbox.framework in Frameworks */,
				6FEBE1C51773927E0091BE0F /* Social.framework in Frameworks */,
				6FEBE1C3177392550091BE0F /* Security.framework in Frameworks */,
				6FEBE1C1177392410091BE0F /* libsqlite3.dylib in Frameworks */,
				6FEBE1BF177392110091BE0F /* Accounts.framework in Frameworks */,
				6FEBE1BD177391E30091BE0F /* AdSupport.framework in Frameworks */,
				6FEBE18617738D160091BE0F /* UIKit.framework in Frameworks */,
				6FEBE18817738D160091BE0F /* Foundation.framework in Frameworks */,
				6FEBE18A17738D160091BE0F /* CoreGraphics.framework in Frameworks */,
				6FEBE1B7177390EB0091BE0F /* FacebookSDK.framework in Frameworks */,
				6FEBE1C7177397BC0091BE0F /* Parse.framework in Frameworks */,
			);
			runOnlyForDeploymentPostprocessing = 0;
		};
/* End PBXFrameworksBuildPhase section */

/* Begin PBXGroup section */
		6FEBE17917738D160091BE0F = {
			isa = PBXGroup;
			children = (
				6FEBE18B17738D160091BE0F /* HotOrNot2 */,
				6FEBE18417738D160091BE0F /* Frameworks */,
				6FEBE18317738D160091BE0F /* Products */,
			);
			sourceTree = "<group>";
		};
		6FEBE18317738D160091BE0F /* Products */ = {
			isa = PBXGroup;
			children = (
				6FEBE18217738D160091BE0F /* HotOrNot2.app */,
			);
			name = Products;
			sourceTree = "<group>";
		};
		6FEBE18417738D160091BE0F /* Frameworks */ = {
			isa = PBXGroup;
			children = (
				6FEBE1D817739AD80091BE0F /* SystemConfiguration.framework */,
				6FEBE1D617739ACE0091BE0F /* StoreKit.framework */,
				6FEBE1D2177399110091BE0F /* QuartzCore.framework */,
				6FEBE1D0177398E20091BE0F /* MobileCoreServices.framework */,
				6FEBE1CE177398B70091BE0F /* libz.1.1.3.dylib */,
				6FEBE1CC177398A00091BE0F /* CoreLocation.framework */,
				6FEBE1CA177398730091BE0F /* CFNetwork.framework */,
				6FEBE1C8177398160091BE0F /* AudioToolbox.framework */,
				6FEBE1C6177397BC0091BE0F /* Parse.framework */,
				6FEBE1C41773927E0091BE0F /* Social.framework */,
				6FEBE1C2177392550091BE0F /* Security.framework */,
				6FEBE1C0177392410091BE0F /* libsqlite3.dylib */,
				6FEBE1BE177392110091BE0F /* Accounts.framework */,
				6FEBE1BC177391E30091BE0F /* AdSupport.framework */,
				6FEBE1B81773916D0091BE0F /* FacebookSDKResources.bundle */,
				6FEBE1B91773916D0091BE0F /* FBUserSettingsViewResources.bundle */,
				6FEBE1B6177390EB0091BE0F /* FacebookSDK.framework */,
				6FEBE18517738D160091BE0F /* UIKit.framework */,
				6FEBE18717738D160091BE0F /* Foundation.framework */,
				6FEBE18917738D160091BE0F /* CoreGraphics.framework */,
			);
			name = Frameworks;
			sourceTree = "<group>";
		};
		6FEBE18B17738D160091BE0F /* HotOrNot2 */ = {
			isa = PBXGroup;
			children = (
				6FEBE19417738D160091BE0F /* QCAppDelegate.h */,
				6FEBE19517738D160091BE0F /* QCAppDelegate.m */,
				6FEBE19D17738D160091BE0F /* QCFirstViewController.h */,
				6FEBE1DA17739F210091BE0F /* QCLoginViewController.h */,
				6FEBE1DB17739F210091BE0F /* QCLoginViewController.m */,
				6FEBE1DC17739F210091BE0F /* QCLoginViewController.xib */,
				6FEBE19E17738D160091BE0F /* QCFirstViewController.m */,
				6FEBE1A017738D160091BE0F /* first.png */,
				6FEBE1A217738D160091BE0F /* first@2x.png */,
				6FEBE1A417738D160091BE0F /* QCSecondViewController.h */,
				6FEBE1A517738D160091BE0F /* QCSecondViewController.m */,
				6FEBE1A717738D160091BE0F /* second.png */,
				6FEBE1A917738D160091BE0F /* second@2x.png */,
				6FEBE1AB17738D160091BE0F /* QCFirstViewController.xib */,
				6FEBE1AE17738D160091BE0F /* QCSecondViewController.xib */,
				6FEBE18C17738D160091BE0F /* Supporting Files */,
			);
			path = HotOrNot2;
			sourceTree = "<group>";
		};
		6FEBE18C17738D160091BE0F /* Supporting Files */ = {
			isa = PBXGroup;
			children = (
				6FEBE1E71773A4C30091BE0F /* login-button-small-pressed.png */,
				6FEBE1E81773A4C30091BE0F /* login-button-small-pressed@2x.png */,
				6FEBE1E91773A4C30091BE0F /* login-button-small.png */,
				6FEBE1EA1773A4C30091BE0F /* login-button-small@2x.png */,
				6FEBE1DF1773A4230091BE0F /* menu_up@2x.png */,
				6FEBE1E01773A4230091BE0F /* menu_up.png */,
				6FEBE1E11773A4230091BE0F /* menu_down@2x.png */,
				6FEBE1E21773A4230091BE0F /* menu_down.png */,
				6FEBE18D17738D160091BE0F /* HotOrNot2-Info.plist */,
				6FEBE18E17738D160091BE0F /* InfoPlist.strings */,
				6FEBE19117738D160091BE0F /* main.m */,
				6FEBE19317738D160091BE0F /* HotOrNot2-Prefix.pch */,
				6FEBE19717738D160091BE0F /* Default.png */,
				6FEBE19917738D160091BE0F /* Default@2x.png */,
				6FEBE19B17738D160091BE0F /* Default-568h@2x.png */,
			);
			name = "Supporting Files";
			sourceTree = "<group>";
		};
/* End PBXGroup section */

/* Begin PBXNativeTarget section */
		6FEBE18117738D160091BE0F /* HotOrNot2 */ = {
			isa = PBXNativeTarget;
			buildConfigurationList = 6FEBE1B317738D160091BE0F /* Build configuration list for PBXNativeTarget "HotOrNot2" */;
			buildPhases = (
				6FEBE17E17738D160091BE0F /* Sources */,
				6FEBE17F17738D160091BE0F /* Frameworks */,
				6FEBE18017738D160091BE0F /* Resources */,
			);
			buildRules = (
			);
			dependencies = (
			);
			name = HotOrNot2;
			productName = HotOrNot2;
			productReference = 6FEBE18217738D160091BE0F /* HotOrNot2.app */;
			productType = "com.apple.product-type.application";
		};
/* End PBXNativeTarget section */

/* Begin PBXProject section */
		6FEBE17A17738D160091BE0F /* Project object */ = {
			isa = PBXProject;
			attributes = {
				CLASSPREFIX = QC;
				LastUpgradeCheck = 0460;
				ORGANIZATIONNAME = self.edu;
			};
			buildConfigurationList = 6FEBE17D17738D160091BE0F /* Build configuration list for PBXProject "HotOrNot2" */;
			compatibilityVersion = "Xcode 3.2";
			developmentRegion = English;
			hasScannedForEncodings = 0;
			knownRegions = (
				en,
			);
			mainGroup = 6FEBE17917738D160091BE0F;
			productRefGroup = 6FEBE18317738D160091BE0F /* Products */;
			projectDirPath = "";
			projectRoot = "";
			targets = (
				6FEBE18117738D160091BE0F /* HotOrNot2 */,
			);
		};
/* End PBXProject section */

/* Begin PBXResourcesBuildPhase section */
		6FEBE18017738D160091BE0F /* Resources */ = {
			isa = PBXResourcesBuildPhase;
			buildActionMask = 2147483647;
			files = (
				6FEBE19017738D160091BE0F /* InfoPlist.strings in Resources */,
				6FEBE19817738D160091BE0F /* Default.png in Resources */,
				6FEBE19A17738D160091BE0F /* Default@2x.png in Resources */,
				6FEBE19C17738D160091BE0F /* Default-568h@2x.png in Resources */,
				6FEBE1A117738D160091BE0F /* first.png in Resources */,
				6FEBE1A317738D160091BE0F /* first@2x.png in Resources */,
				6FEBE1A817738D160091BE0F /* second.png in Resources */,
				6FEBE1AA17738D160091BE0F /* second@2x.png in Resources */,
				6FEBE1AD17738D160091BE0F /* QCFirstViewController.xib in Resources */,
				6FEBE1B017738D160091BE0F /* QCSecondViewController.xib in Resources */,
				6FEBE1BA1773916D0091BE0F /* FacebookSDKResources.bundle in Resources */,
				6FEBE1BB1773916D0091BE0F /* FBUserSettingsViewResources.bundle in Resources */,
				6FEBE1DE17739F210091BE0F /* QCLoginViewController.xib in Resources */,
				6FEBE1E31773A4230091BE0F /* menu_up@2x.png in Resources */,
				6FEBE1E41773A4230091BE0F /* menu_up.png in Resources */,
				6FEBE1E51773A4230091BE0F /* menu_down@2x.png in Resources */,
				6FEBE1E61773A4230091BE0F /* menu_down.png in Resources */,
				6FEBE1EB1773A4C30091BE0F /* login-button-small-pressed.png in Resources */,
				6FEBE1EC1773A4C30091BE0F /* login-button-small-pressed@2x.png in Resources */,
				6FEBE1ED1773A4C30091BE0F /* login-button-small.png in Resources */,
				6FEBE1EE1773A4C30091BE0F /* login-button-small@2x.png in Resources */,
			);
			runOnlyForDeploymentPostprocessing = 0;
		};
/* End PBXResourcesBuildPhase section */

/* Begin PBXSourcesBuildPhase section */
		6FEBE17E17738D160091BE0F /* Sources */ = {
			isa = PBXSourcesBuildPhase;
			buildActionMask = 2147483647;
			files = (
				6FEBE19217738D160091BE0F /* main.m in Sources */,
				6FEBE19617738D160091BE0F /* QCAppDelegate.m in Sources */,
				6FEBE19F17738D160091BE0F /* QCFirstViewController.m in Sources */,
				6FEBE1A617738D160091BE0F /* QCSecondViewController.m in Sources */,
				6FEBE1DD17739F210091BE0F /* QCLoginViewController.m in Sources */,
			);
			runOnlyForDeploymentPostprocessing = 0;
		};
/* End PBXSourcesBuildPhase section */

/* Begin PBXVariantGroup section */
		6FEBE18E17738D160091BE0F /* InfoPlist.strings */ = {
			isa = PBXVariantGroup;
			children = (
				6FEBE18F17738D160091BE0F /* en */,
			);
			name = InfoPlist.strings;
			sourceTree = "<group>";
		};
		6FEBE1AB17738D160091BE0F /* QCFirstViewController.xib */ = {
			isa = PBXVariantGroup;
			children = (
				6FEBE1AC17738D160091BE0F /* en */,
			);
			name = QCFirstViewController.xib;
			sourceTree = "<group>";
		};
		6FEBE1AE17738D160091BE0F /* QCSecondViewController.xib */ = {
			isa = PBXVariantGroup;
			children = (
				6FEBE1AF17738D160091BE0F /* en */,
			);
			name = QCSecondViewController.xib;
			sourceTree = "<group>";
		};
/* End PBXVariantGroup section */

/* Begin XCBuildConfiguration section */
		6FEBE1B117738D160091BE0F /* Debug */ = {
			isa = XCBuildConfiguration;
			buildSettings = {
				ALWAYS_SEARCH_USER_PATHS = NO;
				CLANG_CXX_LANGUAGE_STANDARD = "gnu++0x";
				CLANG_CXX_LIBRARY = "libc++";
				CLANG_ENABLE_OBJC_ARC = YES;
				CLANG_WARN_CONSTANT_CONVERSION = YES;
				CLANG_WARN_EMPTY_BODY = YES;
				CLANG_WARN_ENUM_CONVERSION = YES;
				CLANG_WARN_INT_CONVERSION = YES;
				CLANG_WARN__DUPLICATE_METHOD_MATCH = YES;
				"CODE_SIGN_IDENTITY[sdk=iphoneos*]" = "iPhone Developer";
				COPY_PHASE_STRIP = NO;
				GCC_C_LANGUAGE_STANDARD = gnu99;
				GCC_DYNAMIC_NO_PIC = NO;
				GCC_OPTIMIZATION_LEVEL = 0;
				GCC_PREPROCESSOR_DEFINITIONS = (
					"DEBUG=1",
					"$(inherited)",
				);
				GCC_SYMBOLS_PRIVATE_EXTERN = NO;
				GCC_WARN_ABOUT_RETURN_TYPE = YES;
				GCC_WARN_UNINITIALIZED_AUTOS = YES;
				GCC_WARN_UNUSED_VARIABLE = YES;
				IPHONEOS_DEPLOYMENT_TARGET = 6.1;
				ONLY_ACTIVE_ARCH = YES;
				SDKROOT = iphoneos;
			};
			name = Debug;
		};
		6FEBE1B217738D160091BE0F /* Release */ = {
			isa = XCBuildConfiguration;
			buildSettings = {
				ALWAYS_SEARCH_USER_PATHS = NO;
				CLANG_CXX_LANGUAGE_STANDARD = "gnu++0x";
				CLANG_CXX_LIBRARY = "libc++";
				CLANG_ENABLE_OBJC_ARC = YES;
				CLANG_WARN_CONSTANT_CONVERSION = YES;
				CLANG_WARN_EMPTY_BODY = YES;
				CLANG_WARN_ENUM_CONVERSION = YES;
				CLANG_WARN_INT_CONVERSION = YES;
				CLANG_WARN__DUPLICATE_METHOD_MATCH = YES;
				"CODE_SIGN_IDENTITY[sdk=iphoneos*]" = "iPhone Developer";
				COPY_PHASE_STRIP = YES;
				GCC_C_LANGUAGE_STANDARD = gnu99;
				GCC_WARN_ABOUT_RETURN_TYPE = YES;
				GCC_WARN_UNINITIALIZED_AUTOS = YES;
				GCC_WARN_UNUSED_VARIABLE = YES;
				IPHONEOS_DEPLOYMENT_TARGET = 6.1;
				OTHER_CFLAGS = "-DNS_BLOCK_ASSERTIONS=1";
				SDKROOT = iphoneos;
				VALIDATE_PRODUCT = YES;
			};
			name = Release;
		};
		6FEBE1B417738D160091BE0F /* Debug */ = {
			isa = XCBuildConfiguration;
			buildSettings = {
				FRAMEWORK_SEARCH_PATHS = (
					"$(inherited)",
					"\"$(SRCROOT)\"",
				);
				GCC_PRECOMPILE_PREFIX_HEADER = YES;
				GCC_PREFIX_HEADER = "HotOrNot2/HotOrNot2-Prefix.pch";
				INFOPLIST_FILE = "HotOrNot2/HotOrNot2-Info.plist";
				PRODUCT_NAME = "$(TARGET_NAME)";
				WRAPPER_EXTENSION = app;
			};
			name = Debug;
		};
		6FEBE1B517738D160091BE0F /* Release */ = {
			isa = XCBuildConfiguration;
			buildSettings = {
				FRAMEWORK_SEARCH_PATHS = (
					"$(inherited)",
					"\"$(SRCROOT)\"",
				);
				GCC_PRECOMPILE_PREFIX_HEADER = YES;
				GCC_PREFIX_HEADER = "HotOrNot2/HotOrNot2-Prefix.pch";
				INFOPLIST_FILE = "HotOrNot2/HotOrNot2-Info.plist";
				PRODUCT_NAME = "$(TARGET_NAME)";
				WRAPPER_EXTENSION = app;
			};
			name = Release;
		};
/* End XCBuildConfiguration section */

/* Begin XCConfigurationList section */
		6FEBE17D17738D160091BE0F /* Build configuration list for PBXProject "HotOrNot2" */ = {
			isa = XCConfigurationList;
			buildConfigurations = (
				6FEBE1B117738D160091BE0F /* Debug */,
				6FEBE1B217738D160091BE0F /* Release */,
			);
			defaultConfigurationIsVisible = 0;
			defaultConfigurationName = Release;
		};
		6FEBE1B317738D160091BE0F /* Build configuration list for PBXNativeTarget "HotOrNot2" */ = {
			isa = XCConfigurationList;
			buildConfigurations = (
				6FEBE1B417738D160091BE0F /* Debug */,
				6FEBE1B517738D160091BE0F /* Release */,
			);
			defaultConfigurationIsVisible = 0;
		};
/* End XCConfigurationList section */
	};
	rootObject = 6FEBE17A17738D160091BE0F /* Project object */;
}
